
Microsoft Visual Studio Solution File, Format Version 11.00
# Visual Studio 2010
Project("{FAE04EC0-301F-11D3-BF4B-00C04F79EFBC}") = "EMS", "EMS\EMS.csproj", "{AE198C48-435D-4466-A108-E8DF7E268BD6}"
EndProject
Global
	GlobalSection(SolutionConfigurationPlatforms) = preSolution
		Debug|Any CPU = Debug|Any CPU
		Release|Any CPU = Release|Any CPU
	EndGlobalSection
	GlobalSection(ProjectConfigurationPlatforms) = postSolution
		{AE198C48-435D-4466-A108-E8DF7E268BD6}.Debug|Any CPU.ActiveCfg = Debug|Any CPU
		{AE198C48-435D-4466-A108-E8DF7E268BD6}.Debug|Any CPU.Build.0 = Debug|Any CPU
		{AE198C48-435D-4466-A108-E8DF7E268BD6}.Release|Any CPU.ActiveCfg = Release|Any CPU
		{AE198C48-435D-4466-A108-E8DF7E268BD6}.Release|Any CPU.Build.0 = Release|Any CPU
	EndGlobalSection
	GlobalSection(SolutionProperties) = preSolution
		HideSolutionNode = FALSE
	EndGlobalSection
EndGlobal
